# This file was autogenerated by Stack.
# You should not edit this file by hand.
# For more information, please see the documentation at:
#   https://docs.haskellstack.org/en/stable/lock_files

packages:
- completed:
    hackage: little-rio-0.2.1@sha256:15d99ecb79bcb7e37f7dc35654a69bb99b2792434bd6622b5e4a5580a345b6b7,1406
    pantry-tree:
      size: 259
      sha256: f8ae47082ae2ef038b0a711f90b3ee2504ef2aa2542f68f3b420da0a05175f58
  original:
    hackage: little-rio-0.2.1
- completed:
    name: RtMidi
    version: 0.2.0.0
    git: https://github.com/riottracker/RtMidi.git
    pantry-tree:
      size: 1333
      sha256: def5f813614fa724383d0c660433dfa0a4a181ee54a429a3c5aa99112934c639
    commit: 87c8449e1c0fdd5f68688fa1966165b970ee08c4
  original:
    git: https://github.com/riottracker/RtMidi.git
    commit: 87c8449e1c0fdd5f68688fa1966165b970ee08c4
snapshots:
- completed:
    size: 532377
    url: https://raw.githubusercontent.com/commercialhaskell/stackage-snapshots/master/lts/16/12.yaml
    sha256: f914cfa23fef85bdf895e300a8234d9d0edc2dbec67f4bc9c53f85867c50eab6
  original: lts-16.12
