# This file was autogenerated by Stack.
# You should not edit this file by hand.
# For more information, please see the documentation at:
#   https://docs.haskellstack.org/en/stable/lock_files

packages:
- completed:
    name: RtMidi
    version: 0.2.0.0
    git: https://github.com/riottracker/RtMidi.git
    pantry-tree:
      size: 1279
      sha256: 65b3df1d85c7cf629a0d2a4a197a6960e958a8c49d5c0c3ad2e9ea765b79fdb2
    commit: e1426922ba6d8e95174d8adcccbfb55fbe4f941f
  original:
    git: https://github.com/riottracker/RtMidi.git
    commit: e1426922ba6d8e95174d8adcccbfb55fbe4f941f
snapshots:
- completed:
    size: 532377
    url: https://raw.githubusercontent.com/commercialhaskell/stackage-snapshots/master/lts/16/12.yaml
    sha256: f914cfa23fef85bdf895e300a8234d9d0edc2dbec67f4bc9c53f85867c50eab6
  original: lts-16.12
