# This file was autogenerated by Stack.
# You should not edit this file by hand.
# For more information, please see the documentation at:
#   https://docs.haskellstack.org/en/stable/lock_files

packages:
- completed:
    hackage: little-rio-0.2.1@sha256:15d99ecb79bcb7e37f7dc35654a69bb99b2792434bd6622b5e4a5580a345b6b7,1406
    pantry-tree:
      size: 259
      sha256: f8ae47082ae2ef038b0a711f90b3ee2504ef2aa2542f68f3b420da0a05175f58
  original:
    hackage: little-rio-0.2.1
- completed:
    hackage: RtMidi-0.2.0.0@sha256:bf5244976d42c748b312479c89fae9bdcebd2e700b4c49f354f288db2fa414cc,3393
    pantry-tree:
      size: 842
      sha256: 57d81d2493d4a070a985eb069a7b65b03ae8187ce2e96e30242d7532a0c0cccf
  original:
    hackage: RtMidi-0.2.0.0
snapshots:
- completed:
    size: 532381
    url: https://raw.githubusercontent.com/commercialhaskell/stackage-snapshots/master/lts/16/13.yaml
    sha256: 6ee17f7996e5bc75ae4406250841f1362ad4196418a4d90a0615ff4f26ac98df
  original: lts-16.13
